// !$*UTF8*$!
{
	archiveVersion = 1;
	classes = {
	};
	objectVersion = 50;
	objects = {

/* Begin PBXBuildFile section */
		11F7E16F255FD5E0000B8B30 /* AppDelegate.swift in Sources */ = {isa = PBXBuildFile; fileRef = 11F7E16E255FD5E0000B8B30 /* AppDelegate.swift */; };
		11F7E171255FD5E0000B8B30 /* SceneDelegate.swift in Sources */ = {isa = PBXBuildFile; fileRef = 11F7E170255FD5E0000B8B30 /* SceneDelegate.swift */; };
		11F7E173255FD5E0000B8B30 /* ViewController.swift in Sources */ = {isa = PBXBuildFile; fileRef = 11F7E172255FD5E0000B8B30 /* ViewController.swift */; };
		11F7E176255FD5E0000B8B30 /* Main.storyboard in Resources */ = {isa = PBXBuildFile; fileRef = 11F7E174255FD5E0000B8B30 /* Main.storyboard */; };
		11F7E178255FD5E1000B8B30 /* Assets.xcassets in Resources */ = {isa = PBXBuildFile; fileRef = 11F7E177255FD5E1000B8B30 /* Assets.xcassets */; };
		11F7E17B255FD5E1000B8B30 /* LaunchScreen.storyboard in Resources */ = {isa = PBXBuildFile; fileRef = 11F7E179255FD5E1000B8B30 /* LaunchScreen.storyboard */; };
		11F7E18C256024E8000B8B30 /* CustomButton.swift in Sources */ = {isa = PBXBuildFile; fileRef = 11F7E18B256024E8000B8B30 /* CustomButton.swift */; };
		11F7E19225616DC2000B8B30 /* ChoiceViewController.swift in Sources */ = {isa = PBXBuildFile; fileRef = 11F7E19125616DC2000B8B30 /* ChoiceViewController.swift */; };
/* End PBXBuildFile section */

/* Begin PBXFileReference section */
		11F7E16B255FD5E0000B8B30 /* Well Done.app */ = {isa = PBXFileReference; explicitFileType = wrapper.application; includeInIndex = 0; path = "Well Done.app"; sourceTree = BUILT_PRODUCTS_DIR; };
		11F7E16E255FD5E0000B8B30 /* AppDelegate.swift */ = {isa = PBXFileReference; lastKnownFileType = sourcecode.swift; path = AppDelegate.swift; sourceTree = "<group>"; };
		11F7E170255FD5E0000B8B30 /* SceneDelegate.swift */ = {isa = PBXFileReference; lastKnownFileType = sourcecode.swift; path = SceneDelegate.swift; sourceTree = "<group>"; };
		11F7E172255FD5E0000B8B30 /* ViewController.swift */ = {isa = PBXFileReference; lastKnownFileType = sourcecode.swift; path = ViewController.swift; sourceTree = "<group>"; };
		11F7E175255FD5E0000B8B30 /* Base */ = {isa = PBXFileReference; lastKnownFileType = file.storyboard; name = Base; path = Base.lproj/Main.storyboard; sourceTree = "<group>"; };
		11F7E177255FD5E1000B8B30 /* Assets.xcassets */ = {isa = PBXFileReference; lastKnownFileType = folder.assetcatalog; path = Assets.xcassets; sourceTree = "<group>"; };
		11F7E17A255FD5E1000B8B30 /* Base */ = {isa = PBXFileReference; lastKnownFileType = file.storyboard; name = Base; path = Base.lproj/LaunchScreen.storyboard; sourceTree = "<group>"; };
		11F7E17C255FD5E1000B8B30 /* Info.plist */ = {isa = PBXFileReference; lastKnownFileType = text.plist.xml; path = Info.plist; sourceTree = "<group>"; };
		11F7E18B256024E8000B8B30 /* CustomButton.swift */ = {isa = PBXFileReference; lastKnownFileType = sourcecode.swift; path = CustomButton.swift; sourceTree = "<group>"; };
		11F7E19125616DC2000B8B30 /* ChoiceViewController.swift */ = {isa = PBXFileReference; lastKnownFileType = sourcecode.swift; path = ChoiceViewController.swift; sourceTree = "<group>"; };
/* End PBXFileReference section */

/* Begin PBXFrameworksBuildPhase section */
		11F7E168255FD5E0000B8B30 /* Frameworks */ = {
			isa = PBXFrameworksBuildPhase;
			buildActionMask = 2147483647;
			files = (
			);
			runOnlyForDeploymentPostprocessing = 0;
		};
/* End PBXFrameworksBuildPhase section */

/* Begin PBXGroup section */
		11F7E162255FD5E0000B8B30 = {
			isa = PBXGroup;
			children = (
				11F7E16D255FD5E0000B8B30 /* Well Done */,
				11F7E16C255FD5E0000B8B30 /* Products */,
			);
			sourceTree = "<group>";
		};
		11F7E16C255FD5E0000B8B30 /* Products */ = {
			isa = PBXGroup;
			children = (
				11F7E16B255FD5E0000B8B30 /* Well Done.app */,
			);
			name = Products;
			sourceTree = "<group>";
		};
		11F7E16D255FD5E0000B8B30 /* Well Done */ = {
			isa = PBXGroup;
			children = (
				11F7E16E255FD5E0000B8B30 /* AppDelegate.swift */,
				11F7E170255FD5E0000B8B30 /* SceneDelegate.swift */,
				11F7E19425616DDC000B8B30 /* Controllers */,
				11F7E18B256024E8000B8B30 /* CustomButton.swift */,
				11F7E174255FD5E0000B8B30 /* Main.storyboard */,
				11F7E177255FD5E1000B8B30 /* Assets.xcassets */,
				11F7E179255FD5E1000B8B30 /* LaunchScreen.storyboard */,
				11F7E17C255FD5E1000B8B30 /* Info.plist */,
			);
			path = "Well Done";
			sourceTree = "<group>";
		};
		11F7E19425616DDC000B8B30 /* Controllers */ = {
			isa = PBXGroup;
			children = (
				11F7E172255FD5E0000B8B30 /* ViewController.swift */,
				11F7E19125616DC2000B8B30 /* ChoiceViewController.swift */,
			);
			path = Controllers;
			sourceTree = "<group>";
		};
/* End PBXGroup section */

/* Begin PBXNativeTarget section */
		11F7E16A255FD5E0000B8B30 /* Well Done */ = {
			isa = PBXNativeTarget;
			buildConfigurationList = 11F7E17F255FD5E1000B8B30 /* Build configuration list for PBXNativeTarget "Well Done" */;
			buildPhases = (
				11F7E167255FD5E0000B8B30 /* Sources */,
				11F7E168255FD5E0000B8B30 /* Frameworks */,
				11F7E169255FD5E0000B8B30 /* Resources */,
			);
			buildRules = (
			);
			dependencies = (
			);
			name = "Well Done";
			productName = "Well Done";
			productReference = 11F7E16B255FD5E0000B8B30 /* Well Done.app */;
			productType = "com.apple.product-type.application";
		};
/* End PBXNativeTarget section */

/* Begin PBXProject section */
		11F7E163255FD5E0000B8B30 /* Project object */ = {
			isa = PBXProject;
			attributes = {
				LastSwiftUpdateCheck = 1210;
				LastUpgradeCheck = 1210;
				TargetAttributes = {
					11F7E16A255FD5E0000B8B30 = {
						CreatedOnToolsVersion = 12.1;
					};
				};
			};
			buildConfigurationList = 11F7E166255FD5E0000B8B30 /* Build configuration list for PBXProject "Well Done" */;
			compatibilityVersion = "Xcode 9.3";
			developmentRegion = en;
			hasScannedForEncodings = 0;
			knownRegions = (
				en,
				Base,
			);
			mainGroup = 11F7E162255FD5E0000B8B30;
			productRefGroup = 11F7E16C255FD5E0000B8B30 /* Products */;
			projectDirPath = "";
			projectRoot = "";
			targets = (
				11F7E16A255FD5E0000B8B30 /* Well Done */,
			);
		};
/* End PBXProject section */

/* Begin PBXResourcesBuildPhase section */
		11F7E169255FD5E0000B8B30 /* Resources */ = {
			isa = PBXResourcesBuildPhase;
			buildActionMask = 2147483647;
			files = (
				11F7E17B255FD5E1000B8B30 /* LaunchScreen.storyboard in Resources */,
				11F7E178255FD5E1000B8B30 /* Assets.xcassets in Resources */,
				11F7E176255FD5E0000B8B30 /* Main.storyboard in Resources */,
			);
			runOnlyForDeploymentPostprocessing = 0;
		};
/* End PBXResourcesBuildPhase section */

/* Begin PBXSourcesBuildPhase section */
		11F7E167255FD5E0000B8B30 /* Sources */ = {
			isa = PBXSourcesBuildPhase;
			buildActionMask = 2147483647;
			files = (
				11F7E18C256024E8000B8B30 /* CustomButton.swift in Sources */,
				11F7E173255FD5E0000B8B30 /* ViewController.swift in Sources */,
				11F7E19225616DC2000B8B30 /* ChoiceViewController.swift in Sources */,
				11F7E16F255FD5E0000B8B30 /* AppDelegate.swift in Sources */,
				11F7E171255FD5E0000B8B30 /* SceneDelegate.swift in Sources */,
			);
			runOnlyForDeploymentPostprocessing = 0;
		};
/* End PBXSourcesBuildPhase section */

/* Begin PBXVariantGroup section */
		11F7E174255FD5E0000B8B30 /* Main.storyboard */ = {
			isa = PBXVariantGroup;
			children = (
				11F7E175255FD5E0000B8B30 /* Base */,
			);
			name = Main.storyboard;
			sourceTree = "<group>";
		};
		11F7E179255FD5E1000B8B30 /* LaunchScreen.storyboard */ = {
			isa = PBXVariantGroup;
			children = (
				11F7E17A255FD5E1000B8B30 /* Base */,
			);
			name = LaunchScreen.storyboard;
			sourceTree = "<group>";
		};
/* End PBXVariantGroup section */

/* Begin XCBuildConfiguration section */
		11F7E17D255FD5E1000B8B30 /* Debug */ = {
			isa = XCBuildConfiguration;
			buildSettings = {
				ALWAYS_SEARCH_USER_PATHS = NO;
				CLANG_ANALYZER_NONNULL = YES;
				CLANG_ANALYZER_NUMBER_OBJECT_CONVERSION = YES_AGGRESSIVE;
				CLANG_CXX_LANGUAGE_STANDARD = "gnu++14";
				CLANG_CXX_LIBRARY = "libc++";
				CLANG_ENABLE_MODULES = YES;
				CLANG_ENABLE_OBJC_ARC = YES;
				CLANG_ENABLE_OBJC_WEAK = YES;
				CLANG_WARN_BLOCK_CAPTURE_AUTORELEASING = YES;
				CLANG_WARN_BOOL_CONVERSION = YES;
				CLANG_WARN_COMMA = YES;
				CLANG_WARN_CONSTANT_CONVERSION = YES;
				CLANG_WARN_DEPRECATED_OBJC_IMPLEMENTATIONS = YES;
				CLANG_WARN_DIRECT_OBJC_ISA_USAGE = YES_ERROR;
				CLANG_WARN_DOCUMENTATION_COMMENTS = YES;
				CLANG_WARN_EMPTY_BODY = YES;
				CLANG_WARN_ENUM_CONVERSION = YES;
				CLANG_WARN_INFINITE_RECURSION = YES;
				CLANG_WARN_INT_CONVERSION = YES;
				CLANG_WARN_NON_LITERAL_NULL_CONVERSION = YES;
				CLANG_WARN_OBJC_IMPLICIT_RETAIN_SELF = YES;
				CLANG_WARN_OBJC_LITERAL_CONVERSION = YES;
				CLANG_WARN_OBJC_ROOT_CLASS = YES_ERROR;
				CLANG_WARN_QUOTED_INCLUDE_IN_FRAMEWORK_HEADER = YES;
				CLANG_WARN_RANGE_LOOP_ANALYSIS = YES;
				CLANG_WARN_STRICT_PROTOTYPES = YES;
				CLANG_WARN_SUSPICIOUS_MOVE = YES;
				CLANG_WARN_UNGUARDED_AVAILABILITY = YES_AGGRESSIVE;
				CLANG_WARN_UNREACHABLE_CODE = YES;
				CLANG_WARN__DUPLICATE_METHOD_MATCH = YES;
				COPY_PHASE_STRIP = NO;
				DEBUG_INFORMATION_FORMAT = dwarf;
				ENABLE_STRICT_OBJC_MSGSEND = YES;
				ENABLE_TESTABILITY = YES;
				GCC_C_LANGUAGE_STANDARD = gnu11;
				GCC_DYNAMIC_NO_PIC = NO;
				GCC_NO_COMMON_BLOCKS = YES;
				GCC_OPTIMIZATION_LEVEL = 0;
				GCC_PREPROCESSOR_DEFINITIONS = (
					"DEBUG=1",
					"$(inherited)",
				);
				GCC_WARN_64_TO_32_BIT_CONVERSION = YES;
				GCC_WARN_ABOUT_RETURN_TYPE = YES_ERROR;
				GCC_WARN_UNDECLARED_SELECTOR = YES;
				GCC_WARN_UNINITIALIZED_AUTOS = YES_AGGRESSIVE;
				GCC_WARN_UNUSED_FUNCTION = YES;
				GCC_WARN_UNUSED_VARIABLE = YES;
				IPHONEOS_DEPLOYMENT_TARGET = 14.1;
				MTL_ENABLE_DEBUG_INFO = INCLUDE_SOURCE;
				MTL_FAST_MATH = YES;
				ONLY_ACTIVE_ARCH = YES;
				SDKROOT = iphoneos;
				SWIFT_ACTIVE_COMPILATION_CONDITIONS = DEBUG;
				SWIFT_OPTIMIZATION_LEVEL = "-Onone";
			};
			name = Debug;
		};
		11F7E17E255FD5E1000B8B30 /* Release */ = {
			isa = XCBuildConfiguration;
			buildSettings = {
				ALWAYS_SEARCH_USER_PATHS = NO;
				CLANG_ANALYZER_NONNULL = YES;
				CLANG_ANALYZER_NUMBER_OBJECT_CONVERSION = YES_AGGRESSIVE;
				CLANG_CXX_LANGUAGE_STANDARD = "gnu++14";
				CLANG_CXX_LIBRARY = "libc++";
				CLANG_ENABLE_MODULES = YES;
				CLANG_ENABLE_OBJC_ARC = YES;
				CLANG_ENABLE_OBJC_WEAK = YES;
				CLANG_WARN_BLOCK_CAPTURE_AUTORELEASING = YES;
				CLANG_WARN_BOOL_CONVERSION = YES;
				CLANG_WARN_COMMA = YES;
				CLANG_WARN_CONSTANT_CONVERSION = YES;
				CLANG_WARN_DEPRECATED_OBJC_IMPLEMENTATIONS = YES;
				CLANG_WARN_DIRECT_OBJC_ISA_USAGE = YES_ERROR;
				CLANG_WARN_DOCUMENTATION_COMMENTS = YES;
				CLANG_WARN_EMPTY_BODY = YES;
				CLANG_WARN_ENUM_CONVERSION = YES;
				CLANG_WARN_INFINITE_RECURSION = YES;
				CLANG_WARN_INT_CONVERSION = YES;
				CLANG_WARN_NON_LITERAL_NULL_CONVERSION = YES;
				CLANG_WARN_OBJC_IMPLICIT_RETAIN_SELF = YES;
				CLANG_WARN_OBJC_LITERAL_CONVERSION = YES;
				CLANG_WARN_OBJC_ROOT_CLASS = YES_ERROR;
				CLANG_WARN_QUOTED_INCLUDE_IN_FRAMEWORK_HEADER = YES;
				CLANG_WARN_RANGE_LOOP_ANALYSIS = YES;
				CLANG_WARN_STRICT_PROTOTYPES = YES;
				CLANG_WARN_SUSPICIOUS_MOVE = YES;
				CLANG_WARN_UNGUARDED_AVAILABILITY = YES_AGGRESSIVE;
				CLANG_WARN_UNREACHABLE_CODE = YES;
				CLANG_WARN__DUPLICATE_METHOD_MATCH = YES;
				COPY_PHASE_STRIP = NO;
				DEBUG_INFORMATION_FORMAT = "dwarf-with-dsym";
				ENABLE_NS_ASSERTIONS = NO;
				ENABLE_STRICT_OBJC_MSGSEND = YES;
				GCC_C_LANGUAGE_STANDARD = gnu11;
				GCC_NO_COMMON_BLOCKS = YES;
				GCC_WARN_64_TO_32_BIT_CONVERSION = YES;
				GCC_WARN_ABOUT_RETURN_TYPE = YES_ERROR;
				GCC_WARN_UNDECLARED_SELECTOR = YES;
				GCC_WARN_UNINITIALIZED_AUTOS = YES_AGGRESSIVE;
				GCC_WARN_UNUSED_FUNCTION = YES;
				GCC_WARN_UNUSED_VARIABLE = YES;
				IPHONEOS_DEPLOYMENT_TARGET = 14.1;
				MTL_ENABLE_DEBUG_INFO = NO;
				MTL_FAST_MATH = YES;
				SDKROOT = iphoneos;
				SWIFT_COMPILATION_MODE = wholemodule;
				SWIFT_OPTIMIZATION_LEVEL = "-O";
				VALIDATE_PRODUCT = YES;
			};
			name = Release;
		};
		11F7E180255FD5E1000B8B30 /* Debug */ = {
			isa = XCBuildConfiguration;
			buildSettings = {
				ASSETCATALOG_COMPILER_APPICON_NAME = AppIcon;
				ASSETCATALOG_COMPILER_GLOBAL_ACCENT_COLOR_NAME = AccentColor;
				CODE_SIGN_STYLE = Automatic;
				DEVELOPMENT_TEAM = 584W76NDBF;
				INFOPLIST_FILE = "Well Done/Info.plist";
				LD_RUNPATH_SEARCH_PATHS = (
					"$(inherited)",
					"@executable_path/Frameworks",
				);
				PRODUCT_BUNDLE_IDENTIFIER = "co.AlexanderHa.Well-Done";
				PRODUCT_NAME = "$(TARGET_NAME)";
				SWIFT_VERSION = 5.0;
				TARGETED_DEVICE_FAMILY = "1,2";
			};
			name = Debug;
		};
		11F7E181255FD5E1000B8B30 /* Release */ = {
			isa = XCBuildConfiguration;
			buildSettings = {
				ASSETCATALOG_COMPILER_APPICON_NAME = AppIcon;
				ASSETCATALOG_COMPILER_GLOBAL_ACCENT_COLOR_NAME = AccentColor;
				CODE_SIGN_STYLE = Automatic;
				DEVELOPMENT_TEAM = 584W76NDBF;
				INFOPLIST_FILE = "Well Done/Info.plist";
				LD_RUNPATH_SEARCH_PATHS = (
					"$(inherited)",
					"@executable_path/Frameworks",
				);
				PRODUCT_BUNDLE_IDENTIFIER = "co.AlexanderHa.Well-Done";
				PRODUCT_NAME = "$(TARGET_NAME)";
				SWIFT_VERSION = 5.0;
				TARGETED_DEVICE_FAMILY = "1,2";
			};
			name = Release;
		};
/* End XCBuildConfiguration section */

/* Begin XCConfigurationList section */
		11F7E166255FD5E0000B8B30 /* Build configuration list for PBXProject "Well Done" */ = {
			isa = XCConfigurationList;
			buildConfigurations = (
				11F7E17D255FD5E1000B8B30 /* Debug */,
				11F7E17E255FD5E1000B8B30 /* Release */,
			);
			defaultConfigurationIsVisible = 0;
			defaultConfigurationName = Release;
		};
		11F7E17F255FD5E1000B8B30 /* Build configuration list for PBXNativeTarget "Well Done" */ = {
			isa = XCConfigurationList;
			buildConfigurations = (
				11F7E180255FD5E1000B8B30 /* Debug */,
				11F7E181255FD5E1000B8B30 /* Release */,
			);
			defaultConfigurationIsVisible = 0;
			defaultConfigurationName = Release;
		};
/* End XCConfigurationList section */
	};
	rootObject = 11F7E163255FD5E0000B8B30 /* Project object */;
}
